
Microsoft Visual Studio Solution File, Format Version 12.00
# Visual Studio Version 17
VisualStudioVersion = 17.7.34202.233
MinimumVisualStudioVersion = 10.0.40219.1
Project("{FAE04EC0-301F-11D3-BF4B-00C04F79EFBC}") = "CapaPresentacion", "CapaPresentacion\CapaPresentacion.csproj", "{20C23199-6A9E-41BB-99F4-A35A15F161E4}"
EndProject
Project("{FAE04EC0-301F-11D3-BF4B-00C04F79EFBC}") = "CapaEntidad", "CapaEntidad\CapaEntidad.csproj", "{BC030808-AD57-4262-B200-57FF13F45960}"
EndProject
Project("{FAE04EC0-301F-11D3-BF4B-00C04F79EFBC}") = "CapaNegocio", "CapaNegocio\CapaNegocio.csproj", "{812A73B5-B512-4B39-A87C-329B2881F45D}"
EndProject
Project("{FAE04EC0-301F-11D3-BF4B-00C04F79EFBC}") = "CapaDatos", "CapaDatos\CapaDatos.csproj", "{4423E61C-82DD-4A18-B68E-0749383624A9}"
EndProject
Project("{2150E333-8FDC-42A3-9474-1A3956D46DE8}") = "Elementos de la solución", "Elementos de la solución", "{C83B74C7-5A60-45C7-BC45-EAD392812F0C}"
	ProjectSection(SolutionItems) = preProject
		.gitignore = .gitignore
		CosasInteresantes.md = CosasInteresantes.md
		README.md = README.md
	EndProjectSection
EndProject
Global
	GlobalSection(SolutionConfigurationPlatforms) = preSolution
		Debug|Any CPU = Debug|Any CPU
		Release|Any CPU = Release|Any CPU
	EndGlobalSection
	GlobalSection(ProjectConfigurationPlatforms) = postSolution
		{20C23199-6A9E-41BB-99F4-A35A15F161E4}.Debug|Any CPU.ActiveCfg = Debug|Any CPU
		{20C23199-6A9E-41BB-99F4-A35A15F161E4}.Debug|Any CPU.Build.0 = Debug|Any CPU
		{20C23199-6A9E-41BB-99F4-A35A15F161E4}.Release|Any CPU.ActiveCfg = Release|Any CPU
		{20C23199-6A9E-41BB-99F4-A35A15F161E4}.Release|Any CPU.Build.0 = Release|Any CPU
		{BC030808-AD57-4262-B200-57FF13F45960}.Debug|Any CPU.ActiveCfg = Debug|Any CPU
		{BC030808-AD57-4262-B200-57FF13F45960}.Debug|Any CPU.Build.0 = Debug|Any CPU
		{BC030808-AD57-4262-B200-57FF13F45960}.Release|Any CPU.ActiveCfg = Release|Any CPU
		{BC030808-AD57-4262-B200-57FF13F45960}.Release|Any CPU.Build.0 = Release|Any CPU
		{812A73B5-B512-4B39-A87C-329B2881F45D}.Debug|Any CPU.ActiveCfg = Debug|Any CPU
		{812A73B5-B512-4B39-A87C-329B2881F45D}.Debug|Any CPU.Build.0 = Debug|Any CPU
		{812A73B5-B512-4B39-A87C-329B2881F45D}.Release|Any CPU.ActiveCfg = Release|Any CPU
		{812A73B5-B512-4B39-A87C-329B2881F45D}.Release|Any CPU.Build.0 = Release|Any CPU
		{4423E61C-82DD-4A18-B68E-0749383624A9}.Debug|Any CPU.ActiveCfg = Debug|Any CPU
		{4423E61C-82DD-4A18-B68E-0749383624A9}.Debug|Any CPU.Build.0 = Debug|Any CPU
		{4423E61C-82DD-4A18-B68E-0749383624A9}.Release|Any CPU.ActiveCfg = Release|Any CPU
		{4423E61C-82DD-4A18-B68E-0749383624A9}.Release|Any CPU.Build.0 = Release|Any CPU
	EndGlobalSection
	GlobalSection(SolutionProperties) = preSolution
		HideSolutionNode = FALSE
	EndGlobalSection
	GlobalSection(ExtensibilityGlobals) = postSolution
		SolutionGuid = {7702FC4D-C0EF-4E89-A111-8C28E6AB1272}
	EndGlobalSection
EndGlobal
